PODS:
  - Crashlytics (3.8.2):
    - Fabric (~> 1.6.3)
  - Fabric (1.6.8)
  - ReachabilitySwift (3)

DEPENDENCIES:
  - Crashlytics
  - Fabric
  - ReachabilitySwift

SPEC CHECKSUMS:
  Crashlytics: 27acca95a01b042a8294291dd6dff27f8f6af6d7
  Fabric: 5755268d0171435ab167e3d0878a28a777deaf10
  ReachabilitySwift: f5b9bb30a0777fac8f09ce8b067e32faeb29bb64

COCOAPODS: 0.39.0
