// !$*UTF8*$!
{
	archiveVersion = 1;
	classes = {
	};
	objectVersion = 46;
	objects = {

/* Begin PBXBuildFile section */
		6D065F6E1BF38C94005DB78D /* AppDelegate.swift in Sources */ = {isa = PBXBuildFile; fileRef = 6D065F6D1BF38C94005DB78D /* AppDelegate.swift */; };
		6D065F751BF38C94005DB78D /* Assets.xcassets in Resources */ = {isa = PBXBuildFile; fileRef = 6D065F741BF38C94005DB78D /* Assets.xcassets */; };
		6D065F831BF38C94005DB78D /* kirtis_iosTests.swift in Sources */ = {isa = PBXBuildFile; fileRef = 6D065F821BF38C94005DB78D /* kirtis_iosTests.swift */; };
		6D065F901BF4AD22005DB78D /* Accentuation.swift in Sources */ = {isa = PBXBuildFile; fileRef = 6D065F8F1BF4AD22005DB78D /* Accentuation.swift */; };
		6D065F941BF4BA2E005DB78D /* SplitViewController.swift in Sources */ = {isa = PBXBuildFile; fileRef = 6D065F931BF4BA2E005DB78D /* SplitViewController.swift */; };
		6D065F961BF4C3C3005DB78D /* KirtisTableViewController.swift in Sources */ = {isa = PBXBuildFile; fileRef = 6D065F951BF4C3C3005DB78D /* KirtisTableViewController.swift */; };
		6D065F981BF4CDF6005DB78D /* KirtisTableViewCell.swift in Sources */ = {isa = PBXBuildFile; fileRef = 6D065F971BF4CDF6005DB78D /* KirtisTableViewCell.swift */; };
		6D065F9A1BF4D8E6005DB78D /* RecentSearchesTableViewController.swift in Sources */ = {isa = PBXBuildFile; fileRef = 6D065F991BF4D8E6005DB78D /* RecentSearchesTableViewController.swift */; };
		6D065F9D1BF4E047005DB78D /* Main.storyboard in Resources */ = {isa = PBXBuildFile; fileRef = 6D065F9B1BF4E047005DB78D /* Main.storyboard */; };
		6D1B3C381BFB2C7D00EE65A5 /* InfoPlist.strings in Resources */ = {isa = PBXBuildFile; fileRef = 6D1B3C3A1BFB2C7D00EE65A5 /* InfoPlist.strings */; };
		6D1B3C3D1BFB2C7D00EE65A5 /* InfoPlist.strings in Resources */ = {isa = PBXBuildFile; fileRef = 6D1B3C3F1BFB2C7D00EE65A5 /* InfoPlist.strings */; };
		6D1B3C421BFB2C7D00EE65A5 /* Localizable.strings in Resources */ = {isa = PBXBuildFile; fileRef = 6D1B3C441BFB2C7D00EE65A5 /* Localizable.strings */; };
/* End PBXBuildFile section */

/* Begin PBXContainerItemProxy section */
		6D065F7F1BF38C94005DB78D /* PBXContainerItemProxy */ = {
			isa = PBXContainerItemProxy;
			containerPortal = 6D065F621BF38C94005DB78D /* Project object */;
			proxyType = 1;
			remoteGlobalIDString = 6D065F691BF38C94005DB78D;
			remoteInfo = "kirtis-ios";
		};
/* End PBXContainerItemProxy section */

/* Begin PBXFileReference section */
		6D065F6A1BF38C94005DB78D /* kirtis-ios.app */ = {isa = PBXFileReference; explicitFileType = wrapper.application; includeInIndex = 0; path = "kirtis-ios.app"; sourceTree = BUILT_PRODUCTS_DIR; };
		6D065F6D1BF38C94005DB78D /* AppDelegate.swift */ = {isa = PBXFileReference; lastKnownFileType = sourcecode.swift; path = AppDelegate.swift; sourceTree = "<group>"; };
		6D065F741BF38C94005DB78D /* Assets.xcassets */ = {isa = PBXFileReference; lastKnownFileType = folder.assetcatalog; path = Assets.xcassets; sourceTree = "<group>"; };
		6D065F791BF38C94005DB78D /* Info.plist */ = {isa = PBXFileReference; lastKnownFileType = text.plist.xml; path = Info.plist; sourceTree = "<group>"; };
		6D065F7E1BF38C94005DB78D /* kirtis-iosTests.xctest */ = {isa = PBXFileReference; explicitFileType = wrapper.cfbundle; includeInIndex = 0; path = "kirtis-iosTests.xctest"; sourceTree = BUILT_PRODUCTS_DIR; };
		6D065F821BF38C94005DB78D /* kirtis_iosTests.swift */ = {isa = PBXFileReference; lastKnownFileType = sourcecode.swift; path = kirtis_iosTests.swift; sourceTree = "<group>"; };
		6D065F841BF38C94005DB78D /* Info.plist */ = {isa = PBXFileReference; lastKnownFileType = text.plist.xml; path = Info.plist; sourceTree = "<group>"; };
		6D065F8F1BF4AD22005DB78D /* Accentuation.swift */ = {isa = PBXFileReference; fileEncoding = 4; lastKnownFileType = sourcecode.swift; path = Accentuation.swift; sourceTree = "<group>"; };
		6D065F931BF4BA2E005DB78D /* SplitViewController.swift */ = {isa = PBXFileReference; fileEncoding = 4; lastKnownFileType = sourcecode.swift; path = SplitViewController.swift; sourceTree = "<group>"; };
		6D065F951BF4C3C3005DB78D /* KirtisTableViewController.swift */ = {isa = PBXFileReference; fileEncoding = 4; lastKnownFileType = sourcecode.swift; path = KirtisTableViewController.swift; sourceTree = "<group>"; };
		6D065F971BF4CDF6005DB78D /* KirtisTableViewCell.swift */ = {isa = PBXFileReference; fileEncoding = 4; lastKnownFileType = sourcecode.swift; path = KirtisTableViewCell.swift; sourceTree = "<group>"; };
		6D065F991BF4D8E6005DB78D /* RecentSearchesTableViewController.swift */ = {isa = PBXFileReference; fileEncoding = 4; lastKnownFileType = sourcecode.swift; path = RecentSearchesTableViewController.swift; sourceTree = "<group>"; };
		6D065F9C1BF4E047005DB78D /* Base */ = {isa = PBXFileReference; lastKnownFileType = file.storyboard; name = Base; path = Base.lproj/Main.storyboard; sourceTree = "<group>"; };
		6D1B3C351BFB21D500EE65A5 /* lt */ = {isa = PBXFileReference; lastKnownFileType = text.plist.strings; name = lt; path = lt.lproj/Main.strings; sourceTree = "<group>"; };
		6D1B3C391BFB2C7D00EE65A5 /* lt */ = {isa = PBXFileReference; lastKnownFileType = text.plist.strings; name = lt; path = lt.lproj/InfoPlist.strings; sourceTree = "<group>"; };
		6D1B3C3E1BFB2C7D00EE65A5 /* lt */ = {isa = PBXFileReference; lastKnownFileType = text.plist.strings; name = lt; path = lt.lproj/InfoPlist.strings; sourceTree = "<group>"; };
		6D1B3C431BFB2C7D00EE65A5 /* lt */ = {isa = PBXFileReference; lastKnownFileType = text.plist.strings; name = lt; path = lt.lproj/Localizable.strings; sourceTree = "<group>"; };
/* End PBXFileReference section */

/* Begin PBXFrameworksBuildPhase section */
		6D065F671BF38C94005DB78D /* Frameworks */ = {
			isa = PBXFrameworksBuildPhase;
			buildActionMask = 2147483647;
			files = (
			);
			runOnlyForDeploymentPostprocessing = 0;
		};
		6D065F7B1BF38C94005DB78D /* Frameworks */ = {
			isa = PBXFrameworksBuildPhase;
			buildActionMask = 2147483647;
			files = (
			);
			runOnlyForDeploymentPostprocessing = 0;
		};
/* End PBXFrameworksBuildPhase section */

/* Begin PBXGroup section */
		6D065F611BF38C94005DB78D = {
			isa = PBXGroup;
			children = (
				6D065F6C1BF38C94005DB78D /* kirtis-ios */,
				6D065F811BF38C94005DB78D /* kirtis-iosTests */,
				6D065F6B1BF38C94005DB78D /* Products */,
			);
			sourceTree = "<group>";
		};
		6D065F6B1BF38C94005DB78D /* Products */ = {
			isa = PBXGroup;
			children = (
				6D065F6A1BF38C94005DB78D /* kirtis-ios.app */,
				6D065F7E1BF38C94005DB78D /* kirtis-iosTests.xctest */,
			);
			name = Products;
			sourceTree = "<group>";
		};
		6D065F6C1BF38C94005DB78D /* kirtis-ios */ = {
			isa = PBXGroup;
			children = (
				6D1B3C441BFB2C7D00EE65A5 /* Localizable.strings */,
				6D1B3C3F1BFB2C7D00EE65A5 /* InfoPlist.strings */,
				6D065F9B1BF4E047005DB78D /* Main.storyboard */,
				6D065F6D1BF38C94005DB78D /* AppDelegate.swift */,
				6D065F951BF4C3C3005DB78D /* KirtisTableViewController.swift */,
				6D065F971BF4CDF6005DB78D /* KirtisTableViewCell.swift */,
				6D065F741BF38C94005DB78D /* Assets.xcassets */,
				6D065F791BF38C94005DB78D /* Info.plist */,
				6D065F8F1BF4AD22005DB78D /* Accentuation.swift */,
				6D065F931BF4BA2E005DB78D /* SplitViewController.swift */,
				6D065F991BF4D8E6005DB78D /* RecentSearchesTableViewController.swift */,
			);
			path = "kirtis-ios";
			sourceTree = "<group>";
		};
		6D065F811BF38C94005DB78D /* kirtis-iosTests */ = {
			isa = PBXGroup;
			children = (
				6D1B3C3A1BFB2C7D00EE65A5 /* InfoPlist.strings */,
				6D065F821BF38C94005DB78D /* kirtis_iosTests.swift */,
				6D065F841BF38C94005DB78D /* Info.plist */,
			);
			path = "kirtis-iosTests";
			sourceTree = "<group>";
		};
/* End PBXGroup section */

/* Begin PBXNativeTarget section */
		6D065F691BF38C94005DB78D /* kirtis-ios */ = {
			isa = PBXNativeTarget;
			buildConfigurationList = 6D065F871BF38C94005DB78D /* Build configuration list for PBXNativeTarget "kirtis-ios" */;
			buildPhases = (
				6D065F661BF38C94005DB78D /* Sources */,
				6D065F671BF38C94005DB78D /* Frameworks */,
				6D065F681BF38C94005DB78D /* Resources */,
			);
			buildRules = (
			);
			dependencies = (
			);
			name = "kirtis-ios";
			productName = "kirtis-ios";
			productReference = 6D065F6A1BF38C94005DB78D /* kirtis-ios.app */;
			productType = "com.apple.product-type.application";
		};
		6D065F7D1BF38C94005DB78D /* kirtis-iosTests */ = {
			isa = PBXNativeTarget;
			buildConfigurationList = 6D065F8A1BF38C94005DB78D /* Build configuration list for PBXNativeTarget "kirtis-iosTests" */;
			buildPhases = (
				6D065F7A1BF38C94005DB78D /* Sources */,
				6D065F7B1BF38C94005DB78D /* Frameworks */,
				6D065F7C1BF38C94005DB78D /* Resources */,
			);
			buildRules = (
			);
			dependencies = (
				6D065F801BF38C94005DB78D /* PBXTargetDependency */,
			);
			name = "kirtis-iosTests";
			productName = "kirtis-iosTests";
			productReference = 6D065F7E1BF38C94005DB78D /* kirtis-iosTests.xctest */;
			productType = "com.apple.product-type.bundle.unit-test";
		};
/* End PBXNativeTarget section */

/* Begin PBXProject section */
		6D065F621BF38C94005DB78D /* Project object */ = {
			isa = PBXProject;
			attributes = {
				LastSwiftUpdateCheck = 0710;
				LastUpgradeCheck = 0710;
				ORGANIZATIONNAME = "Edgar Jan Vuicik";
				TargetAttributes = {
					6D065F691BF38C94005DB78D = {
						CreatedOnToolsVersion = 7.1.1;
					};
					6D065F7D1BF38C94005DB78D = {
						CreatedOnToolsVersion = 7.1.1;
						TestTargetID = 6D065F691BF38C94005DB78D;
					};
				};
			};
			buildConfigurationList = 6D065F651BF38C94005DB78D /* Build configuration list for PBXProject "kirtis-ios" */;
			compatibilityVersion = "Xcode 3.2";
			developmentRegion = English;
			hasScannedForEncodings = 0;
			knownRegions = (
				en,
				Base,
			);
			mainGroup = 6D065F611BF38C94005DB78D;
			productRefGroup = 6D065F6B1BF38C94005DB78D /* Products */;
			projectDirPath = "";
			projectRoot = "";
			targets = (
				6D065F691BF38C94005DB78D /* kirtis-ios */,
				6D065F7D1BF38C94005DB78D /* kirtis-iosTests */,
			);
		};
/* End PBXProject section */

/* Begin PBXResourcesBuildPhase section */
		6D065F681BF38C94005DB78D /* Resources */ = {
			isa = PBXResourcesBuildPhase;
			buildActionMask = 2147483647;
			files = (
				6D065F9D1BF4E047005DB78D /* Main.storyboard in Resources */,
				6D1B3C421BFB2C7D00EE65A5 /* Localizable.strings in Resources */,
				6D1B3C3D1BFB2C7D00EE65A5 /* InfoPlist.strings in Resources */,
				6D065F751BF38C94005DB78D /* Assets.xcassets in Resources */,
			);
			runOnlyForDeploymentPostprocessing = 0;
		};
		6D065F7C1BF38C94005DB78D /* Resources */ = {
			isa = PBXResourcesBuildPhase;
			buildActionMask = 2147483647;
			files = (
				6D1B3C381BFB2C7D00EE65A5 /* InfoPlist.strings in Resources */,
			);
			runOnlyForDeploymentPostprocessing = 0;
		};
/* End PBXResourcesBuildPhase section */

/* Begin PBXSourcesBuildPhase section */
		6D065F661BF38C94005DB78D /* Sources */ = {
			isa = PBXSourcesBuildPhase;
			buildActionMask = 2147483647;
			files = (
				6D065F941BF4BA2E005DB78D /* SplitViewController.swift in Sources */,
				6D065F6E1BF38C94005DB78D /* AppDelegate.swift in Sources */,
				6D065F901BF4AD22005DB78D /* Accentuation.swift in Sources */,
				6D065F961BF4C3C3005DB78D /* KirtisTableViewController.swift in Sources */,
				6D065F9A1BF4D8E6005DB78D /* RecentSearchesTableViewController.swift in Sources */,
				6D065F981BF4CDF6005DB78D /* KirtisTableViewCell.swift in Sources */,
			);
			runOnlyForDeploymentPostprocessing = 0;
		};
		6D065F7A1BF38C94005DB78D /* Sources */ = {
			isa = PBXSourcesBuildPhase;
			buildActionMask = 2147483647;
			files = (
				6D065F831BF38C94005DB78D /* kirtis_iosTests.swift in Sources */,
			);
			runOnlyForDeploymentPostprocessing = 0;
		};
/* End PBXSourcesBuildPhase section */

/* Begin PBXTargetDependency section */
		6D065F801BF38C94005DB78D /* PBXTargetDependency */ = {
			isa = PBXTargetDependency;
			target = 6D065F691BF38C94005DB78D /* kirtis-ios */;
			targetProxy = 6D065F7F1BF38C94005DB78D /* PBXContainerItemProxy */;
		};
/* End PBXTargetDependency section */

/* Begin PBXVariantGroup section */
		6D065F9B1BF4E047005DB78D /* Main.storyboard */ = {
			isa = PBXVariantGroup;
			children = (
				6D065F9C1BF4E047005DB78D /* Base */,
				6D1B3C351BFB21D500EE65A5 /* lt */,
			);
			name = Main.storyboard;
			sourceTree = "<group>";
		};
		6D1B3C3A1BFB2C7D00EE65A5 /* InfoPlist.strings */ = {
			isa = PBXVariantGroup;
			children = (
				6D1B3C391BFB2C7D00EE65A5 /* lt */,
			);
			name = InfoPlist.strings;
			sourceTree = "<group>";
		};
		6D1B3C3F1BFB2C7D00EE65A5 /* InfoPlist.strings */ = {
			isa = PBXVariantGroup;
			children = (
				6D1B3C3E1BFB2C7D00EE65A5 /* lt */,
			);
			name = InfoPlist.strings;
			sourceTree = "<group>";
		};
		6D1B3C441BFB2C7D00EE65A5 /* Localizable.strings */ = {
			isa = PBXVariantGroup;
			children = (
				6D1B3C431BFB2C7D00EE65A5 /* lt */,
			);
			name = Localizable.strings;
			sourceTree = "<group>";
		};
/* End PBXVariantGroup section */

/* Begin XCBuildConfiguration section */
		6D065F851BF38C94005DB78D /* Debug */ = {
			isa = XCBuildConfiguration;
			buildSettings = {
				ALWAYS_SEARCH_USER_PATHS = NO;
				CLANG_CXX_LANGUAGE_STANDARD = "gnu++0x";
				CLANG_CXX_LIBRARY = "libc++";
				CLANG_ENABLE_MODULES = YES;
				CLANG_ENABLE_OBJC_ARC = YES;
				CLANG_WARN_BOOL_CONVERSION = YES;
				CLANG_WARN_CONSTANT_CONVERSION = YES;
				CLANG_WARN_DIRECT_OBJC_ISA_USAGE = YES_ERROR;
				CLANG_WARN_EMPTY_BODY = YES;
				CLANG_WARN_ENUM_CONVERSION = YES;
				CLANG_WARN_INT_CONVERSION = YES;
				CLANG_WARN_OBJC_ROOT_CLASS = YES_ERROR;
				CLANG_WARN_UNREACHABLE_CODE = YES;
				CLANG_WARN__DUPLICATE_METHOD_MATCH = YES;
				"CODE_SIGN_IDENTITY[sdk=iphoneos*]" = "iPhone Developer";
				COPY_PHASE_STRIP = NO;
				DEBUG_INFORMATION_FORMAT = dwarf;
				ENABLE_STRICT_OBJC_MSGSEND = YES;
				ENABLE_TESTABILITY = YES;
				GCC_C_LANGUAGE_STANDARD = gnu99;
				GCC_DYNAMIC_NO_PIC = NO;
				GCC_NO_COMMON_BLOCKS = YES;
				GCC_OPTIMIZATION_LEVEL = 0;
				GCC_PREPROCESSOR_DEFINITIONS = (
					"DEBUG=1",
					"$(inherited)",
				);
				GCC_WARN_64_TO_32_BIT_CONVERSION = YES;
				GCC_WARN_ABOUT_RETURN_TYPE = YES_ERROR;
				GCC_WARN_UNDECLARED_SELECTOR = YES;
				GCC_WARN_UNINITIALIZED_AUTOS = YES_AGGRESSIVE;
				GCC_WARN_UNUSED_FUNCTION = YES;
				GCC_WARN_UNUSED_VARIABLE = YES;
				IPHONEOS_DEPLOYMENT_TARGET = 9.1;
				MTL_ENABLE_DEBUG_INFO = YES;
				ONLY_ACTIVE_ARCH = YES;
				SDKROOT = iphoneos;
				SWIFT_OPTIMIZATION_LEVEL = "-Onone";
				TARGETED_DEVICE_FAMILY = "1,2";
			};
			name = Debug;
		};
		6D065F861BF38C94005DB78D /* Release */ = {
			isa = XCBuildConfiguration;
			buildSettings = {
				ALWAYS_SEARCH_USER_PATHS = NO;
				CLANG_CXX_LANGUAGE_STANDARD = "gnu++0x";
				CLANG_CXX_LIBRARY = "libc++";
				CLANG_ENABLE_MODULES = YES;
				CLANG_ENABLE_OBJC_ARC = YES;
				CLANG_WARN_BOOL_CONVERSION = YES;
				CLANG_WARN_CONSTANT_CONVERSION = YES;
				CLANG_WARN_DIRECT_OBJC_ISA_USAGE = YES_ERROR;
				CLANG_WARN_EMPTY_BODY = YES;
				CLANG_WARN_ENUM_CONVERSION = YES;
				CLANG_WARN_INT_CONVERSION = YES;
				CLANG_WARN_OBJC_ROOT_CLASS = YES_ERROR;
				CLANG_WARN_UNREACHABLE_CODE = YES;
				CLANG_WARN__DUPLICATE_METHOD_MATCH = YES;
				"CODE_SIGN_IDENTITY[sdk=iphoneos*]" = "iPhone Developer";
				COPY_PHASE_STRIP = NO;
				DEBUG_INFORMATION_FORMAT = "dwarf-with-dsym";
				ENABLE_NS_ASSERTIONS = NO;
				ENABLE_STRICT_OBJC_MSGSEND = YES;
				GCC_C_LANGUAGE_STANDARD = gnu99;
				GCC_NO_COMMON_BLOCKS = YES;
				GCC_WARN_64_TO_32_BIT_CONVERSION = YES;
				GCC_WARN_ABOUT_RETURN_TYPE = YES_ERROR;
				GCC_WARN_UNDECLARED_SELECTOR = YES;
				GCC_WARN_UNINITIALIZED_AUTOS = YES_AGGRESSIVE;
				GCC_WARN_UNUSED_FUNCTION = YES;
				GCC_WARN_UNUSED_VARIABLE = YES;
				IPHONEOS_DEPLOYMENT_TARGET = 9.1;
				MTL_ENABLE_DEBUG_INFO = NO;
				SDKROOT = iphoneos;
				TARGETED_DEVICE_FAMILY = "1,2";
				VALIDATE_PRODUCT = YES;
			};
			name = Release;
		};
		6D065F881BF38C94005DB78D /* Debug */ = {
			isa = XCBuildConfiguration;
			buildSettings = {
				ASSETCATALOG_COMPILER_APPICON_NAME = AppIcon;
				CODE_SIGN_IDENTITY = "iPhone Developer";
				INFOPLIST_FILE = "kirtis-ios/Info.plist";
				LD_RUNPATH_SEARCH_PATHS = "$(inherited) @executable_path/Frameworks";
				PRODUCT_BUNDLE_IDENTIFIER = "com.sistemium.kirtis-ios";
				PRODUCT_NAME = "$(TARGET_NAME)";
			};
			name = Debug;
		};
		6D065F891BF38C94005DB78D /* Release */ = {
			isa = XCBuildConfiguration;
			buildSettings = {
				ASSETCATALOG_COMPILER_APPICON_NAME = AppIcon;
				CODE_SIGN_IDENTITY = "iPhone Developer";
				INFOPLIST_FILE = "kirtis-ios/Info.plist";
				LD_RUNPATH_SEARCH_PATHS = "$(inherited) @executable_path/Frameworks";
				PRODUCT_BUNDLE_IDENTIFIER = "com.sistemium.kirtis-ios";
				PRODUCT_NAME = "$(TARGET_NAME)";
			};
			name = Release;
		};
		6D065F8B1BF38C94005DB78D /* Debug */ = {
			isa = XCBuildConfiguration;
			buildSettings = {
				BUNDLE_LOADER = "$(TEST_HOST)";
				INFOPLIST_FILE = "kirtis-iosTests/Info.plist";
				LD_RUNPATH_SEARCH_PATHS = "$(inherited) @executable_path/Frameworks @loader_path/Frameworks";
				PRODUCT_BUNDLE_IDENTIFIER = "com.sistemium.kirtis-iosTests";
				PRODUCT_NAME = "$(TARGET_NAME)";
				TEST_HOST = "$(BUILT_PRODUCTS_DIR)/kirtis-ios.app/kirtis-ios";
			};
			name = Debug;
		};
		6D065F8C1BF38C94005DB78D /* Release */ = {
			isa = XCBuildConfiguration;
			buildSettings = {
				BUNDLE_LOADER = "$(TEST_HOST)";
				INFOPLIST_FILE = "kirtis-iosTests/Info.plist";
				LD_RUNPATH_SEARCH_PATHS = "$(inherited) @executable_path/Frameworks @loader_path/Frameworks";
				PRODUCT_BUNDLE_IDENTIFIER = "com.sistemium.kirtis-iosTests";
				PRODUCT_NAME = "$(TARGET_NAME)";
				TEST_HOST = "$(BUILT_PRODUCTS_DIR)/kirtis-ios.app/kirtis-ios";
			};
			name = Release;
		};
/* End XCBuildConfiguration section */

/* Begin XCConfigurationList section */
		6D065F651BF38C94005DB78D /* Build configuration list for PBXProject "kirtis-ios" */ = {
			isa = XCConfigurationList;
			buildConfigurations = (
				6D065F851BF38C94005DB78D /* Debug */,
				6D065F861BF38C94005DB78D /* Release */,
			);
			defaultConfigurationIsVisible = 0;
			defaultConfigurationName = Release;
		};
		6D065F871BF38C94005DB78D /* Build configuration list for PBXNativeTarget "kirtis-ios" */ = {
			isa = XCConfigurationList;
			buildConfigurations = (
				6D065F881BF38C94005DB78D /* Debug */,
				6D065F891BF38C94005DB78D /* Release */,
			);
			defaultConfigurationIsVisible = 0;
			defaultConfigurationName = Release;
		};
		6D065F8A1BF38C94005DB78D /* Build configuration list for PBXNativeTarget "kirtis-iosTests" */ = {
			isa = XCConfigurationList;
			buildConfigurations = (
				6D065F8B1BF38C94005DB78D /* Debug */,
				6D065F8C1BF38C94005DB78D /* Release */,
			);
			defaultConfigurationIsVisible = 0;
			defaultConfigurationName = Release;
		};
/* End XCConfigurationList section */
	};
	rootObject = 6D065F621BF38C94005DB78D /* Project object */;
}
